
Microsoft Visual Studio Solution File, Format Version 12.00
# Visual Studio 14
VisualStudioVersion = 14.0.25420.1
MinimumVisualStudioVersion = 10.0.40219.1
Project("{FAE04EC0-301F-11D3-BF4B-00C04F79EFBC}") = "GeomLib", "GeomLib\GeomLib.csproj", "{6528D543-479C-43BA-9B5B-68FCB438E270}"
EndProject
Project("{FAE04EC0-301F-11D3-BF4B-00C04F79EFBC}") = "GeomLibUi", "GeomLibUi\GeomLibUi.csproj", "{44F634B8-2349-46C7-B1FC-721FCF57BB4E}"
EndProject
Global
	GlobalSection(SolutionConfigurationPlatforms) = preSolution
		Debug|Any CPU = Debug|Any CPU
		Release|Any CPU = Release|Any CPU
	EndGlobalSection
	GlobalSection(ProjectConfigurationPlatforms) = postSolution
		{6528D543-479C-43BA-9B5B-68FCB438E270}.Debug|Any CPU.ActiveCfg = Debug|Any CPU
		{6528D543-479C-43BA-9B5B-68FCB438E270}.Debug|Any CPU.Build.0 = Debug|Any CPU
		{6528D543-479C-43BA-9B5B-68FCB438E270}.Release|Any CPU.ActiveCfg = Release|Any CPU
		{6528D543-479C-43BA-9B5B-68FCB438E270}.Release|Any CPU.Build.0 = Release|Any CPU
		{44F634B8-2349-46C7-B1FC-721FCF57BB4E}.Debug|Any CPU.ActiveCfg = Debug|Any CPU
		{44F634B8-2349-46C7-B1FC-721FCF57BB4E}.Debug|Any CPU.Build.0 = Debug|Any CPU
		{44F634B8-2349-46C7-B1FC-721FCF57BB4E}.Release|Any CPU.ActiveCfg = Release|Any CPU
		{44F634B8-2349-46C7-B1FC-721FCF57BB4E}.Release|Any CPU.Build.0 = Release|Any CPU
	EndGlobalSection
	GlobalSection(SolutionProperties) = preSolution
		HideSolutionNode = FALSE
	EndGlobalSection
EndGlobal
